// !$*UTF8*$!
{
	archiveVersion = 1;
	classes = {
	};
	objectVersion = 50;
	objects = {

/* Begin PBXBuildFile section */
		ED10B28125068DED00983154 /* main.c in Sources */ = {isa = PBXBuildFile; fileRef = ED10B28025068DED00983154 /* main.c */; };
		ED126C0C23F5B9AE00B6B944 /* main2.c in Sources */ = {isa = PBXBuildFile; fileRef = ED126C0B23F5B9AE00B6B944 /* main2.c */; };
		ED1D35F021FEE6B400A8487A /* main.c in Sources */ = {isa = PBXBuildFile; fileRef = ED1D35EF21FEE6B400A8487A /* main.c */; };
		ED26CD2E24114ED10077EAF0 /* main4.c in Sources */ = {isa = PBXBuildFile; fileRef = ED26CD2D24114ED10077EAF0 /* main4.c */; };
		ED39C9AA224D19F30023452E /* ExamS2.c in Sources */ = {isa = PBXBuildFile; fileRef = ED39C9A9224D19F30023452E /* ExamS2.c */; };
		ED5BF52424081940003C9785 /* main_td1.c in Sources */ = {isa = PBXBuildFile; fileRef = ED5BF52324081940003C9785 /* main_td1.c */; };
		ED6BF8B623E3484E00AA998E /* main1.c in Sources */ = {isa = PBXBuildFile; fileRef = ED6BF8B523E3484E00AA998E /* main1.c */; };
		ED73E929233D110A002E3F9A /* python-session1-converted.c in Sources */ = {isa = PBXBuildFile; fileRef = ED73E928233D110A002E3F9A /* python-session1-converted.c */; };
		EDE3AE62243756B90095F819 /* test.c in Sources */ = {isa = PBXBuildFile; fileRef = EDE3AE61243756B90095F819 /* test.c */; };
		EDEC0C612268C80800FABDC0 /* StackArray.c in Sources */ = {isa = PBXBuildFile; fileRef = EDEC0C602268C80800FABDC0 /* StackArray.c */; };
		EDEC0C642268C84900FABDC0 /* QueueArray.c in Sources */ = {isa = PBXBuildFile; fileRef = EDEC0C632268C84900FABDC0 /* QueueArray.c */; };
		EDEC0C672268C8C900FABDC0 /* StackLL.c in Sources */ = {isa = PBXBuildFile; fileRef = EDEC0C662268C8C900FABDC0 /* StackLL.c */; };
		EDEC0C6A2268C8F000FABDC0 /* QueueLL.c in Sources */ = {isa = PBXBuildFile; fileRef = EDEC0C692268C8F000FABDC0 /* QueueLL.c */; };
		EDF78A64241F7C7300250BC7 /* main.c in Sources */ = {isa = PBXBuildFile; fileRef = EDF78A63241F7C7300250BC7 /* main.c */; };
		EDF78A66241F7CF100250BC7 /* fonctions.c in Sources */ = {isa = PBXBuildFile; fileRef = EDF78A65241F7CF100250BC7 /* fonctions.c */; };
		EDFA699F225B44F50002D8B0 /* algread.c in Sources */ = {isa = PBXBuildFile; fileRef = EDFA699E225B44F50002D8B0 /* algread.c */; };
/* End PBXBuildFile section */

/* Begin PBXCopyFilesBuildPhase section */
		ED1D35EA21FEE6B400A8487A /* CopyFiles */ = {
			isa = PBXCopyFilesBuildPhase;
			buildActionMask = 2147483647;
			dstPath = /usr/share/man/man1/;
			dstSubfolderSpec = 0;
			files = (
			);
			runOnlyForDeploymentPostprocessing = 1;
		};
/* End PBXCopyFilesBuildPhase section */

/* Begin PBXFileReference section */
		ED10B27D25067E6300983154 /* td1.alg */ = {isa = PBXFileReference; lastKnownFileType = text; path = td1.alg; sourceTree = "<group>"; };
		ED10B27F25068DED00983154 /* main.h */ = {isa = PBXFileReference; lastKnownFileType = sourcecode.c.h; path = main.h; sourceTree = "<group>"; };
		ED10B28025068DED00983154 /* main.c */ = {isa = PBXFileReference; lastKnownFileType = sourcecode.c.c; path = main.c; sourceTree = "<group>"; };
		ED126C0A23F5B9AE00B6B944 /* main2.h */ = {isa = PBXFileReference; lastKnownFileType = sourcecode.c.h; path = main2.h; sourceTree = "<group>"; };
		ED126C0B23F5B9AE00B6B944 /* main2.c */ = {isa = PBXFileReference; lastKnownFileType = sourcecode.c.c; path = main2.c; sourceTree = "<group>"; };
		ED1770A52248B6F800DC8A45 /* Base */ = {isa = PBXFileReference; lastKnownFileType = text; name = Base; path = Base.lproj/main.alg; sourceTree = "<group>"; };
		ED1D35EC21FEE6B400A8487A /* LabSessionsC */ = {isa = PBXFileReference; explicitFileType = "compiled.mach-o.executable"; includeInIndex = 0; path = LabSessionsC; sourceTree = BUILT_PRODUCTS_DIR; };
		ED1D35EF21FEE6B400A8487A /* main.c */ = {isa = PBXFileReference; lastKnownFileType = sourcecode.c.c; path = main.c; sourceTree = "<group>"; };
		ED26CD2C24114ED10077EAF0 /* main4.h */ = {isa = PBXFileReference; lastKnownFileType = sourcecode.c.h; path = main4.h; sourceTree = "<group>"; };
		ED26CD2D24114ED10077EAF0 /* main4.c */ = {isa = PBXFileReference; lastKnownFileType = sourcecode.c.c; path = main4.c; sourceTree = "<group>"; };
		ED39C9A9224D19F30023452E /* ExamS2.c */ = {isa = PBXFileReference; lastKnownFileType = sourcecode.c.c; path = ExamS2.c; sourceTree = "<group>"; };
		ED5BF52224081940003C9785 /* main_td1.h */ = {isa = PBXFileReference; lastKnownFileType = sourcecode.c.h; path = main_td1.h; sourceTree = "<group>"; };
		ED5BF52324081940003C9785 /* main_td1.c */ = {isa = PBXFileReference; lastKnownFileType = sourcecode.c.c; path = main_td1.c; sourceTree = "<group>"; };
		ED6BF8B423E3484E00AA998E /* main1.h */ = {isa = PBXFileReference; lastKnownFileType = sourcecode.c.h; path = main1.h; sourceTree = "<group>"; };
		ED6BF8B523E3484E00AA998E /* main1.c */ = {isa = PBXFileReference; lastKnownFileType = sourcecode.c.c; path = main1.c; sourceTree = "<group>"; };
		ED6BF8B723E354C800AA998E /* main.alg */ = {isa = PBXFileReference; lastKnownFileType = text; path = main.alg; sourceTree = "<group>"; };
		ED73E927233D110A002E3F9A /* python-session1-converted.h */ = {isa = PBXFileReference; lastKnownFileType = sourcecode.c.h; path = "python-session1-converted.h"; sourceTree = "<group>"; };
		ED73E928233D110A002E3F9A /* python-session1-converted.c */ = {isa = PBXFileReference; lastKnownFileType = sourcecode.c.c; path = "python-session1-converted.c"; sourceTree = "<group>"; };
		EDE33F1725248C7600CADA7F /* NASS BELLIK GRANDJEAN MARGUET.txt */ = {isa = PBXFileReference; lastKnownFileType = text; path = "NASS BELLIK GRANDJEAN MARGUET.txt"; sourceTree = "<group>"; };
		EDE3AE60243756B90095F819 /* test.h */ = {isa = PBXFileReference; lastKnownFileType = sourcecode.c.h; path = test.h; sourceTree = "<group>"; };
		EDE3AE61243756B90095F819 /* test.c */ = {isa = PBXFileReference; lastKnownFileType = sourcecode.c.c; path = test.c; sourceTree = "<group>"; };
		EDEC0C5F2268C80800FABDC0 /* StackArray.h */ = {isa = PBXFileReference; lastKnownFileType = sourcecode.c.h; path = StackArray.h; sourceTree = "<group>"; };
		EDEC0C602268C80800FABDC0 /* StackArray.c */ = {isa = PBXFileReference; lastKnownFileType = sourcecode.c.c; path = StackArray.c; sourceTree = "<group>"; };
		EDEC0C622268C84900FABDC0 /* QueueArray.h */ = {isa = PBXFileReference; lastKnownFileType = sourcecode.c.h; path = QueueArray.h; sourceTree = "<group>"; };
		EDEC0C632268C84900FABDC0 /* QueueArray.c */ = {isa = PBXFileReference; lastKnownFileType = sourcecode.c.c; path = QueueArray.c; sourceTree = "<group>"; };
		EDEC0C652268C8C900FABDC0 /* StackLL.h */ = {isa = PBXFileReference; lastKnownFileType = sourcecode.c.h; path = StackLL.h; sourceTree = "<group>"; };
		EDEC0C662268C8C900FABDC0 /* StackLL.c */ = {isa = PBXFileReference; lastKnownFileType = sourcecode.c.c; path = StackLL.c; sourceTree = "<group>"; };
		EDEC0C682268C8F000FABDC0 /* QueueLL.h */ = {isa = PBXFileReference; lastKnownFileType = sourcecode.c.h; path = QueueLL.h; sourceTree = "<group>"; };
		EDEC0C692268C8F000FABDC0 /* QueueLL.c */ = {isa = PBXFileReference; lastKnownFileType = sourcecode.c.c; path = QueueLL.c; sourceTree = "<group>"; };
		EDF78A62241F7C7300250BC7 /* main.h */ = {isa = PBXFileReference; lastKnownFileType = sourcecode.c.h; path = main.h; sourceTree = "<group>"; };
		EDF78A63241F7C7300250BC7 /* main.c */ = {isa = PBXFileReference; lastKnownFileType = sourcecode.c.c; path = main.c; sourceTree = "<group>"; };
		EDF78A65241F7CF100250BC7 /* fonctions.c */ = {isa = PBXFileReference; lastKnownFileType = sourcecode.c.c; path = fonctions.c; sourceTree = "<group>"; };
		EDFA699E225B44F50002D8B0 /* algread.c */ = {isa = PBXFileReference; lastKnownFileType = sourcecode.c.c; path = algread.c; sourceTree = "<group>"; };
		EDFA69A0225B4A200002D8B0 /* test.alg */ = {isa = PBXFileReference; lastKnownFileType = text; path = test.alg; sourceTree = "<group>"; };
/* End PBXFileReference section */

/* Begin PBXFrameworksBuildPhase section */
		ED1D35E921FEE6B400A8487A /* Frameworks */ = {
			isa = PBXFrameworksBuildPhase;
			buildActionMask = 2147483647;
			files = (
			);
			runOnlyForDeploymentPostprocessing = 0;
		};
/* End PBXFrameworksBuildPhase section */

/* Begin PBXGroup section */
		ED10B27E25067E8F00983154 /* 2020-2021 */ = {
			isa = PBXGroup;
			children = (
				ED10B27D25067E6300983154 /* td1.alg */,
				ED10B27F25068DED00983154 /* main.h */,
				ED10B28025068DED00983154 /* main.c */,
				EDE33F1725248C7600CADA7F /* NASS BELLIK GRANDJEAN MARGUET.txt */,
			);
			path = "2020-2021";
			sourceTree = "<group>";
		};
		ED1D35E321FEE6B400A8487A = {
			isa = PBXGroup;
			children = (
				ED1D35EE21FEE6B400A8487A /* LabSessionsC */,
				ED1D35ED21FEE6B400A8487A /* Products */,
			);
			sourceTree = "<group>";
		};
		ED1D35ED21FEE6B400A8487A /* Products */ = {
			isa = PBXGroup;
			children = (
				ED1D35EC21FEE6B400A8487A /* LabSessionsC */,
			);
			name = Products;
			sourceTree = "<group>";
		};
		ED1D35EE21FEE6B400A8487A /* LabSessionsC */ = {
			isa = PBXGroup;
			children = (
				ED6BF8B223E3480E00AA998E /* 2018-2019 */,
				ED6BF8B323E3482F00AA998E /* 2019-2020 */,
				ED10B27E25067E8F00983154 /* 2020-2021 */,
			);
			path = LabSessionsC;
			sourceTree = "<group>";
		};
		ED6BF8B223E3480E00AA998E /* 2018-2019 */ = {
			isa = PBXGroup;
			children = (
				ED1D35EF21FEE6B400A8487A /* main.c */,
				ED73E928233D110A002E3F9A /* python-session1-converted.c */,
				ED73E927233D110A002E3F9A /* python-session1-converted.h */,
				ED1770A62248B6F800DC8A45 /* main.alg */,
				EDFA69A0225B4A200002D8B0 /* test.alg */,
				ED39C9A9224D19F30023452E /* ExamS2.c */,
				EDFA699E225B44F50002D8B0 /* algread.c */,
				EDEC0C5F2268C80800FABDC0 /* StackArray.h */,
				EDEC0C602268C80800FABDC0 /* StackArray.c */,
				EDEC0C622268C84900FABDC0 /* QueueArray.h */,
				EDEC0C632268C84900FABDC0 /* QueueArray.c */,
				EDEC0C652268C8C900FABDC0 /* StackLL.h */,
				EDEC0C662268C8C900FABDC0 /* StackLL.c */,
				EDEC0C682268C8F000FABDC0 /* QueueLL.h */,
				EDEC0C692268C8F000FABDC0 /* QueueLL.c */,
			);
			path = "2018-2019";
			sourceTree = "<group>";
		};
		ED6BF8B323E3482F00AA998E /* 2019-2020 */ = {
			isa = PBXGroup;
			children = (
				ED6BF8B423E3484E00AA998E /* main1.h */,
				ED6BF8B523E3484E00AA998E /* main1.c */,
				ED126C0A23F5B9AE00B6B944 /* main2.h */,
				ED126C0B23F5B9AE00B6B944 /* main2.c */,
				ED6BF8B723E354C800AA998E /* main.alg */,
				ED5BF52224081940003C9785 /* main_td1.h */,
				ED5BF52324081940003C9785 /* main_td1.c */,
				ED26CD2C24114ED10077EAF0 /* main4.h */,
				ED26CD2D24114ED10077EAF0 /* main4.c */,
				EDF78A62241F7C7300250BC7 /* main.h */,
				EDF78A63241F7C7300250BC7 /* main.c */,
				EDF78A65241F7CF100250BC7 /* fonctions.c */,
				EDE3AE60243756B90095F819 /* test.h */,
				EDE3AE61243756B90095F819 /* test.c */,
			);
			path = "2019-2020";
			sourceTree = "<group>";
		};
/* End PBXGroup section */

/* Begin PBXNativeTarget section */
		ED1D35EB21FEE6B400A8487A /* LabSessionsC */ = {
			isa = PBXNativeTarget;
			buildConfigurationList = ED1D35F321FEE6B400A8487A /* Build configuration list for PBXNativeTarget "LabSessionsC" */;
			buildPhases = (
				ED1D35E821FEE6B400A8487A /* Sources */,
				ED1D35E921FEE6B400A8487A /* Frameworks */,
				ED1D35EA21FEE6B400A8487A /* CopyFiles */,
			);
			buildRules = (
			);
			dependencies = (
			);
			name = LabSessionsC;
			productName = LabSessionsC;
			productReference = ED1D35EC21FEE6B400A8487A /* LabSessionsC */;
			productType = "com.apple.product-type.tool";
		};
/* End PBXNativeTarget section */

/* Begin PBXProject section */
		ED1D35E421FEE6B400A8487A /* Project object */ = {
			isa = PBXProject;
			attributes = {
				LastUpgradeCheck = 1100;
				ORGANIZATIONNAME = "Groupe MINASTE";
				TargetAttributes = {
					ED1D35EB21FEE6B400A8487A = {
						CreatedOnToolsVersion = 10.1;
					};
				};
			};
			buildConfigurationList = ED1D35E721FEE6B400A8487A /* Build configuration list for PBXProject "LabSessionsC" */;
			compatibilityVersion = "Xcode 9.3";
			developmentRegion = en;
			hasScannedForEncodings = 0;
			knownRegions = (
				en,
				Base,
			);
			mainGroup = ED1D35E321FEE6B400A8487A;
			productRefGroup = ED1D35ED21FEE6B400A8487A /* Products */;
			projectDirPath = "";
			projectRoot = "";
			targets = (
				ED1D35EB21FEE6B400A8487A /* LabSessionsC */,
			);
		};
/* End PBXProject section */

/* Begin PBXSourcesBuildPhase section */
		ED1D35E821FEE6B400A8487A /* Sources */ = {
			isa = PBXSourcesBuildPhase;
			buildActionMask = 2147483647;
			files = (
				EDE3AE62243756B90095F819 /* test.c in Sources */,
				EDF78A64241F7C7300250BC7 /* main.c in Sources */,
				ED126C0C23F5B9AE00B6B944 /* main2.c in Sources */,
				EDEC0C642268C84900FABDC0 /* QueueArray.c in Sources */,
				EDEC0C6A2268C8F000FABDC0 /* QueueLL.c in Sources */,
				ED1D35F021FEE6B400A8487A /* main.c in Sources */,
				EDEC0C672268C8C900FABDC0 /* StackLL.c in Sources */,
				ED39C9AA224D19F30023452E /* ExamS2.c in Sources */,
				EDF78A66241F7CF100250BC7 /* fonctions.c in Sources */,
				ED6BF8B623E3484E00AA998E /* main1.c in Sources */,
				EDEC0C612268C80800FABDC0 /* StackArray.c in Sources */,
				ED26CD2E24114ED10077EAF0 /* main4.c in Sources */,
				ED10B28125068DED00983154 /* main.c in Sources */,
				ED5BF52424081940003C9785 /* main_td1.c in Sources */,
				EDFA699F225B44F50002D8B0 /* algread.c in Sources */,
				ED73E929233D110A002E3F9A /* python-session1-converted.c in Sources */,
			);
			runOnlyForDeploymentPostprocessing = 0;
		};
/* End PBXSourcesBuildPhase section */

/* Begin PBXVariantGroup section */
		ED1770A62248B6F800DC8A45 /* main.alg */ = {
			isa = PBXVariantGroup;
			children = (
				ED1770A52248B6F800DC8A45 /* Base */,
			);
			name = main.alg;
			sourceTree = "<group>";
		};
/* End PBXVariantGroup section */

/* Begin XCBuildConfiguration section */
		ED1D35F121FEE6B400A8487A /* Debug */ = {
			isa = XCBuildConfiguration;
			buildSettings = {
				ALWAYS_SEARCH_USER_PATHS = NO;
				CLANG_ANALYZER_NONNULL = YES;
				CLANG_ANALYZER_NUMBER_OBJECT_CONVERSION = YES_AGGRESSIVE;
				CLANG_CXX_LANGUAGE_STANDARD = "gnu++14";
				CLANG_CXX_LIBRARY = "libc++";
				CLANG_ENABLE_MODULES = YES;
				CLANG_ENABLE_OBJC_ARC = YES;
				CLANG_ENABLE_OBJC_WEAK = YES;
				CLANG_WARN_BLOCK_CAPTURE_AUTORELEASING = YES;
				CLANG_WARN_BOOL_CONVERSION = YES;
				CLANG_WARN_COMMA = YES;
				CLANG_WARN_CONSTANT_CONVERSION = YES;
				CLANG_WARN_DEPRECATED_OBJC_IMPLEMENTATIONS = YES;
				CLANG_WARN_DIRECT_OBJC_ISA_USAGE = YES_ERROR;
				CLANG_WARN_DOCUMENTATION_COMMENTS = YES;
				CLANG_WARN_EMPTY_BODY = YES;
				CLANG_WARN_ENUM_CONVERSION = YES;
				CLANG_WARN_INFINITE_RECURSION = YES;
				CLANG_WARN_INT_CONVERSION = YES;
				CLANG_WARN_NON_LITERAL_NULL_CONVERSION = YES;
				CLANG_WARN_OBJC_IMPLICIT_RETAIN_SELF = YES;
				CLANG_WARN_OBJC_LITERAL_CONVERSION = YES;
				CLANG_WARN_OBJC_ROOT_CLASS = YES_ERROR;
				CLANG_WARN_RANGE_LOOP_ANALYSIS = YES;
				CLANG_WARN_STRICT_PROTOTYPES = YES;
				CLANG_WARN_SUSPICIOUS_MOVE = YES;
				CLANG_WARN_UNGUARDED_AVAILABILITY = YES_AGGRESSIVE;
				CLANG_WARN_UNREACHABLE_CODE = YES;
				CLANG_WARN__DUPLICATE_METHOD_MATCH = YES;
				CODE_SIGN_IDENTITY = "Mac Developer";
				COPY_PHASE_STRIP = NO;
				DEBUG_INFORMATION_FORMAT = dwarf;
				ENABLE_STRICT_OBJC_MSGSEND = YES;
				ENABLE_TESTABILITY = YES;
				GCC_C_LANGUAGE_STANDARD = gnu11;
				GCC_DYNAMIC_NO_PIC = NO;
				GCC_NO_COMMON_BLOCKS = YES;
				GCC_OPTIMIZATION_LEVEL = 0;
				GCC_PREPROCESSOR_DEFINITIONS = (
					"DEBUG=1",
					"$(inherited)",
				);
				GCC_WARN_64_TO_32_BIT_CONVERSION = YES;
				GCC_WARN_ABOUT_RETURN_TYPE = YES_ERROR;
				GCC_WARN_UNDECLARED_SELECTOR = YES;
				GCC_WARN_UNINITIALIZED_AUTOS = YES_AGGRESSIVE;
				GCC_WARN_UNUSED_FUNCTION = YES;
				GCC_WARN_UNUSED_VARIABLE = YES;
				MACOSX_DEPLOYMENT_TARGET = 10.14;
				MTL_ENABLE_DEBUG_INFO = INCLUDE_SOURCE;
				MTL_FAST_MATH = YES;
				ONLY_ACTIVE_ARCH = YES;
				SDKROOT = macosx;
			};
			name = Debug;
		};
		ED1D35F221FEE6B400A8487A /* Release */ = {
			isa = XCBuildConfiguration;
			buildSettings = {
				ALWAYS_SEARCH_USER_PATHS = NO;
				CLANG_ANALYZER_NONNULL = YES;
				CLANG_ANALYZER_NUMBER_OBJECT_CONVERSION = YES_AGGRESSIVE;
				CLANG_CXX_LANGUAGE_STANDARD = "gnu++14";
				CLANG_CXX_LIBRARY = "libc++";
				CLANG_ENABLE_MODULES = YES;
				CLANG_ENABLE_OBJC_ARC = YES;
				CLANG_ENABLE_OBJC_WEAK = YES;
				CLANG_WARN_BLOCK_CAPTURE_AUTORELEASING = YES;
				CLANG_WARN_BOOL_CONVERSION = YES;
				CLANG_WARN_COMMA = YES;
				CLANG_WARN_CONSTANT_CONVERSION = YES;
				CLANG_WARN_DEPRECATED_OBJC_IMPLEMENTATIONS = YES;
				CLANG_WARN_DIRECT_OBJC_ISA_USAGE = YES_ERROR;
				CLANG_WARN_DOCUMENTATION_COMMENTS = YES;
				CLANG_WARN_EMPTY_BODY = YES;
				CLANG_WARN_ENUM_CONVERSION = YES;
				CLANG_WARN_INFINITE_RECURSION = YES;
				CLANG_WARN_INT_CONVERSION = YES;
				CLANG_WARN_NON_LITERAL_NULL_CONVERSION = YES;
				CLANG_WARN_OBJC_IMPLICIT_RETAIN_SELF = YES;
				CLANG_WARN_OBJC_LITERAL_CONVERSION = YES;
				CLANG_WARN_OBJC_ROOT_CLASS = YES_ERROR;
				CLANG_WARN_RANGE_LOOP_ANALYSIS = YES;
				CLANG_WARN_STRICT_PROTOTYPES = YES;
				CLANG_WARN_SUSPICIOUS_MOVE = YES;
				CLANG_WARN_UNGUARDED_AVAILABILITY = YES_AGGRESSIVE;
				CLANG_WARN_UNREACHABLE_CODE = YES;
				CLANG_WARN__DUPLICATE_METHOD_MATCH = YES;
				CODE_SIGN_IDENTITY = "Mac Developer";
				COPY_PHASE_STRIP = NO;
				DEBUG_INFORMATION_FORMAT = "dwarf-with-dsym";
				ENABLE_NS_ASSERTIONS = NO;
				ENABLE_STRICT_OBJC_MSGSEND = YES;
				GCC_C_LANGUAGE_STANDARD = gnu11;
				GCC_NO_COMMON_BLOCKS = YES;
				GCC_WARN_64_TO_32_BIT_CONVERSION = YES;
				GCC_WARN_ABOUT_RETURN_TYPE = YES_ERROR;
				GCC_WARN_UNDECLARED_SELECTOR = YES;
				GCC_WARN_UNINITIALIZED_AUTOS = YES_AGGRESSIVE;
				GCC_WARN_UNUSED_FUNCTION = YES;
				GCC_WARN_UNUSED_VARIABLE = YES;
				MACOSX_DEPLOYMENT_TARGET = 10.14;
				MTL_ENABLE_DEBUG_INFO = NO;
				MTL_FAST_MATH = YES;
				SDKROOT = macosx;
			};
			name = Release;
		};
		ED1D35F421FEE6B400A8487A /* Debug */ = {
			isa = XCBuildConfiguration;
			buildSettings = {
				CODE_SIGN_IDENTITY = "-";
				CODE_SIGN_STYLE = Automatic;
				DEVELOPMENT_TEAM = Y8UVVEJ938;
				PRODUCT_NAME = "$(TARGET_NAME)";
			};
			name = Debug;
		};
		ED1D35F521FEE6B400A8487A /* Release */ = {
			isa = XCBuildConfiguration;
			buildSettings = {
				CODE_SIGN_IDENTITY = "-";
				CODE_SIGN_STYLE = Automatic;
				DEVELOPMENT_TEAM = Y8UVVEJ938;
				PRODUCT_NAME = "$(TARGET_NAME)";
			};
			name = Release;
		};
/* End XCBuildConfiguration section */

/* Begin XCConfigurationList section */
		ED1D35E721FEE6B400A8487A /* Build configuration list for PBXProject "LabSessionsC" */ = {
			isa = XCConfigurationList;
			buildConfigurations = (
				ED1D35F121FEE6B400A8487A /* Debug */,
				ED1D35F221FEE6B400A8487A /* Release */,
			);
			defaultConfigurationIsVisible = 0;
			defaultConfigurationName = Release;
		};
		ED1D35F321FEE6B400A8487A /* Build configuration list for PBXNativeTarget "LabSessionsC" */ = {
			isa = XCConfigurationList;
			buildConfigurations = (
				ED1D35F421FEE6B400A8487A /* Debug */,
				ED1D35F521FEE6B400A8487A /* Release */,
			);
			defaultConfigurationIsVisible = 0;
			defaultConfigurationName = Release;
		};
/* End XCConfigurationList section */
	};
	rootObject = ED1D35E421FEE6B400A8487A /* Project object */;
}
